
Microsoft Visual Studio Solution File, Format Version 12.00
# Visual Studio 15
VisualStudioVersion = 15.0.27130.2024
MinimumVisualStudioVersion = 10.0.40219.1
Project("{FAE04EC0-301F-11D3-BF4B-00C04F79EFBC}") = "MingRIYuHang_InspectionConverter", "MingRIYuHang_InspectionConverter\MingRIYuHang_InspectionConverter.csproj", "{9AEDFD59-A7D0-4CEB-A5E1-088EE1535338}"
EndProject
Global
	GlobalSection(SolutionConfigurationPlatforms) = preSolution
		Debug|Any CPU = Debug|Any CPU
		Release|Any CPU = Release|Any CPU
	EndGlobalSection
	GlobalSection(ProjectConfigurationPlatforms) = postSolution
		{9AEDFD59-A7D0-4CEB-A5E1-088EE1535338}.Debug|Any CPU.ActiveCfg = Debug|Any CPU
		{9AEDFD59-A7D0-4CEB-A5E1-088EE1535338}.Debug|Any CPU.Build.0 = Debug|Any CPU
		{9AEDFD59-A7D0-4CEB-A5E1-088EE1535338}.Release|Any CPU.ActiveCfg = Release|Any CPU
		{9AEDFD59-A7D0-4CEB-A5E1-088EE1535338}.Release|Any CPU.Build.0 = Release|Any CPU
	EndGlobalSection
	GlobalSection(SolutionProperties) = preSolution
		HideSolutionNode = FALSE
	EndGlobalSection
	GlobalSection(ExtensibilityGlobals) = postSolution
		SolutionGuid = {CAA623C3-1484-4C0E-8D40-51690B20DEEA}
	EndGlobalSection
EndGlobal
